PODS:
  - CombineDitto (0.1.4):
    - DittoSwift (>= 1.0.9)
  - DittoObjC (1.0.16)
  - DittoSwift (1.0.16):
    - DittoObjC (= 1.0.16)
  - Fakery (5.1.0)

DEPENDENCIES:
  - CombineDitto (>= 0.1.4)
  - DittoSwift (>= 1.0.16)
  - Fakery

SPEC REPOS:
  trunk:
    - CombineDitto
    - DittoObjC
    - DittoSwift
    - Fakery

SPEC CHECKSUMS:
  CombineDitto: e257ba5278efa6dce6b4849cc24590b87cc57481
  DittoObjC: 59b0373cae65b94c00ce5bc7ca0122b94c3be2a0
  DittoSwift: b37efefce1c0e6c3f5862e08df83ce0e4b69bbae
  Fakery: a90caff00ca5cacde6c161c3eafc72314a03d34d

PODFILE CHECKSUM: 5e8541ddad9e8e07b82b616e335bac11d93a7759

COCOAPODS: 1.11.2
